# This lock file was generated by conda-lock (https://github.com/conda/conda-lock). DO NOT EDIT!
#
# A "lock file" contains a concrete list of package versions (with checksums) to be installed. Unlike
# e.g. `conda env create`, the resulting environment will not change as new package versions become
# available, unless you explicitly update the lock file.
#
# Install this environment as "YOURENV" with:
#     conda-lock install -n YOURENV --file requirements-conda-linux-64-lock.yml
# To update a single package to the latest version compatible with the version constraints in the source:
#     conda-lock lock  --lockfile requirements-conda-linux-64-lock.yml --update PACKAGE
# To re-solve the entire environment, e.g. after changing a version constraint in the source file:
#     conda-lock -f requirements_conda.yaml --lockfile requirements-conda-linux-64-lock.yml
version: 1
metadata:
  content_hash:
    linux-64: c4e00e56c76052f5505ce11740547794c93c36c2485a3da0cc994d335eb975b7
  channels:
  - url: bioconda
    used_env_vars: []
  - url: conda-forge
    used_env_vars: []
  platforms:
  - linux-64
  sources:
  - requirements_conda.yaml
package:
- name: _libgcc_mutex
  version: '0.1'
  manager: conda
  platform: linux-64
  dependencies: {}
  url: https://conda.anaconda.org/conda-forge/linux-64/_libgcc_mutex-0.1-conda_forge.tar.bz2
  hash:
    md5: d7c89558ba9fa0495403155b64376d81
    sha256: fe51de6107f9edc7aa4f786a70f4a883943bc9d39b3bb7307c04c41410990726
  category: main
  optional: false
- name: _openmp_mutex
  version: '4.5'
  manager: conda
  platform: linux-64
  dependencies:
    _libgcc_mutex: '0.1'
    libgomp: '>=7.5.0'
  url: https://conda.anaconda.org/conda-forge/linux-64/_openmp_mutex-4.5-2_gnu.tar.bz2
  hash:
    md5: 73aaf86a425cc6e73fcf236a5a46396d
    sha256: fbe2c5e56a653bebb982eda4876a9178aedfc2b545f25d0ce9c4c0b508253d22
  category: main
  optional: false
- name: _py-xgboost-mutex
  version: '2.0'
  manager: conda
  platform: linux-64
  dependencies: {}
  url: https://conda.anaconda.org/conda-forge/linux-64/_py-xgboost-mutex-2.0-gpu_0.tar.bz2
  hash:
    md5: 7702188077361f43a4d61e64c694f850
    sha256: ef6bccb4e2114a7be586416f5e1a8656ffa11c6fddef926b5c6d5ff5179157fa
  category: main
  optional: false
- name: alsa-lib
  version: 1.2.3.2
  manager: conda
  platform: linux-64
  dependencies:
    libgcc-ng: '>=10.3.0'
  url: https://conda.anaconda.org/conda-forge/linux-64/alsa-lib-1.2.3.2-h166bdaf_0.tar.bz2
  hash:
    md5: b7607b7b62dce55c194ad84f99464e5f
    sha256: 9bf4cf7e39f63a02a8fa0498acc210d206ccbdb0546c76dcfc4cc3455d0ac3da
  category: main
  optional: false
- name: attrs
  version: 23.1.0
  manager: conda
  platform: linux-64
  dependencies:
    python: '>=3.7'
  url: https://conda.anaconda.org/conda-forge/noarch/attrs-23.1.0-pyh71513ae_1.conda
  hash:
    md5: 3edfead7cedd1ab4400a6c588f3e75f8
    sha256: 063639cd568f5c7a557b0fb1cc27f098598c0d8ff869088bfeb82934674f8821
  category: main
  optional: false
- name: bzip2
  version: 1.0.8
  manager: conda
  platform: linux-64
  dependencies:
    libgcc-ng: '>=12'
  url: https://conda.anaconda.org/conda-forge/linux-64/bzip2-1.0.8-hd590300_5.conda
  hash:
    md5: 69b8b6202a07720f448be700e300ccf4
    sha256: 242c0c324507ee172c0e0dd2045814e746bb303d1eb78870d182ceb0abc726a8
  category: main
  optional: false
- name: c-ares
  version: 1.11.0
  manager: conda
  platform: linux-64
  dependencies:
    libgcc-ng: '>=4.9'
  url: https://conda.anaconda.org/bioconda/linux-64/c-ares-1.11.0-h470a237_1.tar.bz2
  hash:
    md5: cd621a5a302e401429e1ba2157082bb6
    sha256: b56a4de91674ede433104447663e9a40553f654dc576e8dc1734aae66db28b10
  category: main
  optional: false
- name: ca-certificates
  version: 2023.11.17
  manager: conda
  platform: linux-64
  dependencies: {}
  url: https://conda.anaconda.org/conda-forge/linux-64/ca-certificates-2023.11.17-hbcca054_0.conda
  hash:
    md5: 01ffc8d36f9eba0ce0b3c1955fa780ee
    sha256: fb4b9f4b7d885002db0b93e22f44b5b03791ef3d4efdc9d0662185a0faafd6b6
  category: main
  optional: false
- name: cached-property
  version: 1.5.2
  manager: conda
  platform: linux-64
  dependencies:
    cached_property: '>=1.5.2,<1.5.3.0a0'
  url: https://conda.anaconda.org/conda-forge/noarch/cached-property-1.5.2-hd8ed1ab_1.tar.bz2
  hash:
    md5: 9b347a7ec10940d3f7941ff6c460b551
    sha256: 561e6660f26c35d137ee150187d89767c988413c978e1b712d53f27ddf70ea17
  category: main
  optional: false
- name: cached_property
  version: 1.5.2
  manager: conda
  platform: linux-64
  dependencies:
    python: '>=3.6'
  url: https://conda.anaconda.org/conda-forge/noarch/cached_property-1.5.2-pyha770c72_1.tar.bz2
  hash:
    md5: 576d629e47797577ab0f1b351297ef4a
    sha256: 6dbf7a5070cc43d90a1e4c2ec0c541c69d8e30a0e25f50ce9f6e4a432e42c5d7
  category: main
  optional: false
- name: cairo
  version: 1.16.0
  manager: conda
  platform: linux-64
  dependencies:
    fontconfig: '>=2.13.1,<3.0a0'
    freetype: '>=2.10.4,<3.0a0'
    icu: '>=68.1,<69.0a0'
    libgcc-ng: '>=9.3.0'
    libglib: '>=2.68.0,<3.0a0'
    libpng: '>=1.6.37,<1.7.0a0'
    libxcb: ''
    pixman: '>=0.40.0,<1.0a0'
    xorg-libice: ''
    xorg-libsm: ''
    xorg-libx11: ''
    xorg-libxext: ''
    xorg-libxrender: ''
    zlib: '>=1.2.11,<1.3.0a0'
  url: https://conda.anaconda.org/conda-forge/linux-64/cairo-1.16.0-h6cf1ce9_1008.tar.bz2
  hash:
    md5: a43fb47d15e116f8be4be7e6b17ab59f
    sha256: f740f111868c26a5ba316955bf6dfab9dc338b2141b1b40095e0986399d2e31f
  category: main
  optional: false
- name: coreutils
  version: '8.25'
  manager: conda
  platform: linux-64
  dependencies:
    libgcc: ''
  url: https://conda.anaconda.org/bioconda/linux-64/coreutils-8.25-1.tar.bz2
  hash:
    md5: dd7804252590d3167bdad0a125d09de0
    sha256: 100ae56385da5632b7e876dbc868d95a31454ac3b2ff0d76ee81e99d1fe5df15
  category: main
  optional: false
- name: cuda-version
  version: '11.8'
  manager: conda
  platform: linux-64
  dependencies: {}
  url: https://conda.anaconda.org/conda-forge/noarch/cuda-version-11.8-h70ddcb2_2.conda
  hash:
    md5: 601900ec9ff06f62f76a247148e52c04
    sha256: cb8a81465d5fa1b27e14981b7e1a9be4fc90945261a7459427e7bfb42129e26c
  category: main
  optional: false
- name: curl
  version: 7.71.1
  manager: conda
  platform: linux-64
  dependencies:
    krb5: '>=1.17.1,<1.18.0a0'
    libcurl: 7.71.1
    libgcc-ng: '>=7.5.0'
    libssh2: '>=1.9.0,<2.0a0'
    zlib: '>=1.2.11,<1.3.0a0'
  url: https://conda.anaconda.org/conda-forge/linux-64/curl-7.71.1-he644dc0_8.tar.bz2
  hash:
    md5: 7fadfa44182e1cc0dbbe0c169c0b15cc
    sha256: 11c818304bc481cef8b17f716e7d3b6063b7baedb6de6aa408c06c66ef99c971
  category: main
  optional: false
- name: expat
  version: 2.5.0
  manager: conda
  platform: linux-64
  dependencies:
    libexpat: 2.5.0
    libgcc-ng: '>=12'
  url: https://conda.anaconda.org/conda-forge/linux-64/expat-2.5.0-hcb278e6_1.conda
  hash:
    md5: 8b9b5aca60558d02ddaa09d599e55920
    sha256: 36dfeb4375059b3bba75ce9b38c29c69fd257342a79e6cf20e9f25c1523f785f
  category: main
  optional: false
- name: fontconfig
  version: 2.14.2
  manager: conda
  platform: linux-64
  dependencies:
    expat: '>=2.5.0,<3.0a0'
    freetype: '>=2.12.1,<3.0a0'
    libgcc-ng: '>=12'
    libuuid: '>=2.32.1,<3.0a0'
    libzlib: '>=1.2.13,<1.3.0a0'
  url: https://conda.anaconda.org/conda-forge/linux-64/fontconfig-2.14.2-h14ed4e7_0.conda
  hash:
    md5: 0f69b688f52ff6da70bccb7ff7001d1d
    sha256: 155d534c9037347ea7439a2c6da7c24ffec8e5dd278889b4c57274a1d91e0a83
  category: main
  optional: false
- name: freetype
  version: 2.12.1
  manager: conda
  platform: linux-64
  dependencies:
    libgcc-ng: '>=12'
    libpng: '>=1.6.39,<1.7.0a0'
    libzlib: '>=1.2.13,<1.3.0a0'
  url: https://conda.anaconda.org/conda-forge/linux-64/freetype-2.12.1-h267a509_2.conda
  hash:
    md5: 9ae35c3d96db2c94ce0cef86efdfa2cb
    sha256: b2e3c449ec9d907dd4656cb0dc93e140f447175b125a3824b31368b06c666bb6
  category: main
  optional: false
- name: gettext
  version: 0.21.1
  manager: conda
  platform: linux-64
  dependencies:
    libgcc-ng: '>=12'
  url: https://conda.anaconda.org/conda-forge/linux-64/gettext-0.21.1-h27087fc_0.tar.bz2
  hash:
    md5: 14947d8770185e5153fdd04d4673ed37
    sha256: 4fcfedc44e4c9a053f0416f9fc6ab6ed50644fca3a761126dbd00d09db1f546a
  category: main
  optional: false
- name: giflib
  version: 5.2.1
  manager: conda
  platform: linux-64
  dependencies:
    libgcc-ng: '>=12'
  url: https://conda.anaconda.org/conda-forge/linux-64/giflib-5.2.1-h0b41bf4_3.conda
  hash:
    md5: 96f3b11872ef6fad973eac856cd2624f
    sha256: 41ec165704ccce2faa0437f4f53c03c06261a2cc9ff7614828e51427d9261f4b
  category: main
  optional: false
- name: graphite2
  version: 1.3.13
  manager: conda
  platform: linux-64
  dependencies:
    libgcc-ng: '>=7.5.0'
    libstdcxx-ng: '>=7.5.0'
  url: https://conda.anaconda.org/conda-forge/linux-64/graphite2-1.3.13-h58526e2_1001.tar.bz2
  hash:
    md5: 8c54672728e8ec6aa6db90cf2806d220
    sha256: 65da967f3101b737b08222de6a6a14e20e480e7d523a5d1e19ace7b960b5d6b1
  category: main
  optional: false
- name: h5py
  version: 3.3.0
  manager: conda
  platform: linux-64
  dependencies:
    cached-property: ''
    hdf5: '>=1.10.6,<1.10.7.0a0'
    libgcc-ng: '>=9.3.0'
    numpy: '>=1.19.5,<2.0a0'
    python: '>=3.9,<3.10.0a0'
    python_abi: 3.9.*
  url: https://conda.anaconda.org/conda-forge/linux-64/h5py-3.3.0-nompi_py39h98ba4bc_100.tar.bz2
  hash:
    md5: cba633f7fe7d3b1a7c31eb6d9b536039
    sha256: be13e91397efb5f11986d92b47810820f1a874f9dcc0a52f1b65e1c4cc2611d8
  category: main
  optional: false
- name: harfbuzz
  version: 2.9.1
  manager: conda
  platform: linux-64
  dependencies:
    cairo: '>=1.16.0,<2.0.0a0'
    freetype: '>=2.10.4,<3.0a0'
    graphite2: ''
    icu: '>=68.1,<69.0a0'
    libgcc-ng: '>=9.4.0'
    libglib: '>=2.68.4,<3.0a0'
    libstdcxx-ng: '>=9.4.0'
  url: https://conda.anaconda.org/conda-forge/linux-64/harfbuzz-2.9.1-h83ec7ef_1.tar.bz2
  hash:
    md5: 9a9e823b2e31e84e5ce06f54ffce9d70
    sha256: bd15c23e782e26f8ccbd32252155600f2e9019d9937ff08098b2ca232c48b84a
  category: main
  optional: false
- name: hdf5
  version: 1.10.6
  manager: conda
  platform: linux-64
  dependencies:
    libcurl: '>=7.71.1,<9.0a0'
    libgcc-ng: '>=9.3.0'
    libgfortran-ng: ''
    libgfortran5: '>=9.3.0'
    libstdcxx-ng: '>=9.3.0'
    openssl: '>=1.1.1i,<1.1.2a'
    zlib: '>=1.2.11,<1.3.0a0'
  url: https://conda.anaconda.org/conda-forge/linux-64/hdf5-1.10.6-nompi_h6a2412b_1114.tar.bz2
  hash:
    md5: 0a2984b78f51148d7ff6219abe73509e
    sha256: ef0bf1bdefe36646f4241059c9ce3cd21e1c421f2b97baeda70a5e328fdf75f8
  category: main
  optional: false
- name: icu
  version: '68.2'
  manager: conda
  platform: linux-64
  dependencies:
    libgcc-ng: '>=9.4.0'
    libstdcxx-ng: '>=9.4.0'
  url: https://conda.anaconda.org/conda-forge/linux-64/icu-68.2-h9c3ff4c_0.tar.bz2
  hash:
    md5: 6618c9b191638993f2a818c6529e1b49
    sha256: 8b39b408cc8b1450454ac8bb7bf7b56ca8b787fbfc26c767a21d5df57dffeab7
  category: main
  optional: false
- name: importlib_resources
  version: 6.1.1
  manager: conda
  platform: linux-64
  dependencies:
    python: '>=3.8'
    zipp: '>=3.1.0'
  url: https://conda.anaconda.org/conda-forge/noarch/importlib_resources-6.1.1-pyhd8ed1ab_0.conda
  hash:
    md5: 3d5fa25cf42f3f32a12b2d874ace8574
    sha256: e584f9ae08fb2d242af0ce7e19e3cd2f85f362d8523119e08f99edb962db99ed
  category: main
  optional: false
- name: jinja2
  version: 3.1.2
  manager: conda
  platform: linux-64
  dependencies:
    markupsafe: '>=2.0'
    python: '>=3.7'
  url: https://conda.anaconda.org/conda-forge/noarch/jinja2-3.1.2-pyhd8ed1ab_1.tar.bz2
  hash:
    md5: c8490ed5c70966d232fdd389d0dbed37
    sha256: b045faba7130ab263db6a8fdc96b1a3de5fcf85c4a607c5f11a49e76851500b5
  category: main
  optional: false
- name: joblib
  version: 1.2.0
  manager: conda
  platform: linux-64
  dependencies:
    python: '>=3.6'
    setuptools: ''
  url: https://conda.anaconda.org/conda-forge/noarch/joblib-1.2.0-pyhd8ed1ab_0.tar.bz2
  hash:
    md5: 7583652522d71ad78ba536bba06940eb
    sha256: 0c21351871df2c0a53168575597dd9c881e2a9fa4c42fe89a9bcd7fab37f462c
  category: main
  optional: false
- name: jpeg
  version: 9e
  manager: conda
  platform: linux-64
  dependencies:
    libgcc-ng: '>=12'
  url: https://conda.anaconda.org/conda-forge/linux-64/jpeg-9e-h0b41bf4_3.conda
  hash:
    md5: c7a069243e1fbe9a556ed2ec030e6407
    sha256: 8f73194d09c9ea4a7e2b3562766b8d72125cc147b62c7cf83393e3a3bbfd581b
  category: main
  optional: false
- name: jsonschema
  version: 4.19.1
  manager: conda
  platform: linux-64
  dependencies:
    attrs: '>=22.2.0'
    importlib_resources: '>=1.4.0'
    jsonschema-specifications: '>=2023.03.6'
    pkgutil-resolve-name: '>=1.3.10'
    python: '>=3.8'
    referencing: '>=0.28.4'
    rpds-py: '>=0.7.1'
  url: https://conda.anaconda.org/conda-forge/noarch/jsonschema-4.19.1-pyhd8ed1ab_0.conda
  hash:
    md5: 78aff5d2af74e6537c1ca73017f01f4f
    sha256: b4e50e1d53b984a467e79b7ba69cc408d14e3a2002cad4eaf7798e20268cff2d
  category: main
  optional: false
- name: jsonschema-specifications
  version: 2023.11.2
  manager: conda
  platform: linux-64
  dependencies:
    importlib_resources: '>=1.4.0'
    python: '>=3.8'
    referencing: '>=0.31.0'
  url: https://conda.anaconda.org/conda-forge/noarch/jsonschema-specifications-2023.11.2-pyhd8ed1ab_0.conda
  hash:
    md5: 73884ca36d6d96cbce498cde99fab40f
    sha256: e26115d02dc208a05b557c8dd670923270803b9b3b8af4e22b93d659d1ec77ec
  category: main
  optional: false
- name: krb5
  version: 1.17.2
  manager: conda
  platform: linux-64
  dependencies:
    libedit: '>=3.1.20191231,<4.0a0'
    libgcc-ng: '>=7.5.0'
    libstdcxx-ng: '>=7.5.0'
    openssl: '>=1.1.1h,<1.1.2a'
    tk: '>=8.6.10,<8.7.0a0'
  url: https://conda.anaconda.org/conda-forge/linux-64/krb5-1.17.2-h926e7f8_0.tar.bz2
  hash:
    md5: 926325c11478d6e781e76072c117763b
    sha256: abc0215ea012b0e55d5fac452901fec4073e067452620cba8d8c684330b4eaee
  category: main
  optional: false
- name: lcms2
  version: '2.12'
  manager: conda
  platform: linux-64
  dependencies:
    jpeg: '>=9d,<10a'
    libgcc-ng: '>=9.3.0'
    libtiff: '>=4.2.0,<4.5.0a0'
  url: https://conda.anaconda.org/conda-forge/linux-64/lcms2-2.12-hddcbb42_0.tar.bz2
  hash:
    md5: 797117394a4aa588de6d741b06fad80f
    sha256: 5b3c77a84b1dbfa53932dee830f35a42cfc5541e23ca0626f8058b04dcf518d1
  category: main
  optional: false
- name: ld_impl_linux-64
  version: '2.40'
  manager: conda
  platform: linux-64
  dependencies: {}
  url: https://conda.anaconda.org/conda-forge/linux-64/ld_impl_linux-64-2.40-h41732ed_0.conda
  hash:
    md5: 7aca3059a1729aa76c597603f10b0dd3
    sha256: f6cc89d887555912d6c61b295d398cff9ec982a3417d38025c45d5dd9b9e79cd
  category: main
  optional: false
- name: libblas
  version: 3.9.0
  manager: conda
  platform: linux-64
  dependencies:
    libopenblas: '>=0.3.25,<1.0a0'
  url: https://conda.anaconda.org/conda-forge/linux-64/libblas-3.9.0-20_linux64_openblas.conda
  hash:
    md5: 2b7bb4f7562c8cf334fc2e20c2d28abc
    sha256: 8a0ee1de693a9b3da4a11b95ec81b40dd434bd01fa1f5f38f8268cd2146bf8f0
  category: main
  optional: false
- name: libcblas
  version: 3.9.0
  manager: conda
  platform: linux-64
  dependencies:
    libblas: 3.9.0
  url: https://conda.anaconda.org/conda-forge/linux-64/libcblas-3.9.0-20_linux64_openblas.conda
  hash:
    md5: 36d486d72ab64ffea932329a1d3729a3
    sha256: 0e34fb0f82262f02fcb279ab4a1db8d50875dc98e3019452f8f387e6bf3c0247
  category: main
  optional: false
- name: libcurl
  version: 7.71.1
  manager: conda
  platform: linux-64
  dependencies:
    krb5: '>=1.17.1,<1.18.0a0'
    libgcc-ng: '>=7.5.0'
    libnghttp2: '>=1.41.0,<2.0a0'
    libssh2: '>=1.9.0,<2.0a0'
    openssl: '>=1.1.1h,<1.1.2a'
    zlib: '>=1.2.11,<1.3.0a0'
  url: https://conda.anaconda.org/conda-forge/linux-64/libcurl-7.71.1-hcdd3856_8.tar.bz2
  hash:
    md5: 2c81fb9f0d82c04b08617fc73eb615af
    sha256: b99f1b7c90bba10f971ccfc0f358aa22c39bdf5ba36af6db0e0511566c17cda0
  category: main
  optional: false
- name: libedit
  version: 3.1.20191231
  manager: conda
  platform: linux-64
  dependencies:
    libgcc-ng: '>=7.5.0'
    ncurses: '>=6.2,<7.0.0a0'
  url: https://conda.anaconda.org/conda-forge/linux-64/libedit-3.1.20191231-he28a2e2_2.tar.bz2
  hash:
    md5: 4d331e44109e3f0e19b4cb8f9b82f3e1
    sha256: a57d37c236d8f7c886e01656f4949d9dcca131d2a0728609c6f7fa338b65f1cf
  category: main
  optional: false
- name: libev
  version: '4.33'
  manager: conda
  platform: linux-64
  dependencies:
    libgcc-ng: '>=12'
  url: https://conda.anaconda.org/conda-forge/linux-64/libev-4.33-hd590300_2.conda
  hash:
    md5: 172bf1cd1ff8629f2b1179945ed45055
    sha256: 1cd6048169fa0395af74ed5d8f1716e22c19a81a8a36f934c110ca3ad4dd27b4
  category: main
  optional: false
- name: libexpat
  version: 2.5.0
  manager: conda
  platform: linux-64
  dependencies:
    libgcc-ng: '>=12'
  url: https://conda.anaconda.org/conda-forge/linux-64/libexpat-2.5.0-hcb278e6_1.conda
  hash:
    md5: 6305a3dd2752c76335295da4e581f2fd
    sha256: 74c98a563777ae2ad71f1f74d458a8ab043cee4a513467c159ccf159d0e461f3
  category: main
  optional: false
- name: libffi
  version: 3.4.2
  manager: conda
  platform: linux-64
  dependencies:
    libgcc-ng: '>=9.4.0'
  url: https://conda.anaconda.org/conda-forge/linux-64/libffi-3.4.2-h7f98852_5.tar.bz2
  hash:
    md5: d645c6d2ac96843a2bfaccd2d62b3ac3
    sha256: ab6e9856c21709b7b517e940ae7028ae0737546122f83c2aa5d692860c3b149e
  category: main
  optional: false
- name: libgcc
  version: 7.2.0
  manager: conda
  platform: linux-64
  dependencies:
    libgcc-ng: '>=7.2.0'
    libstdcxx-ng: '>=7.2.0'
  url: https://conda.anaconda.org/conda-forge/linux-64/libgcc-7.2.0-h69d50b8_2.tar.bz2
  hash:
    md5: 9962126180acc1a4fec0c6aabe7c2459
    sha256: fe7f1ac1ce89f37d7314760bf17fad8198435443358d570f620fb1dec33ca051
  category: main
  optional: false
- name: libgcc-ng
  version: 13.2.0
  manager: conda
  platform: linux-64
  dependencies:
    _libgcc_mutex: '0.1'
    _openmp_mutex: '>=4.5'
  url: https://conda.anaconda.org/conda-forge/linux-64/libgcc-ng-13.2.0-h807b86a_3.conda
  hash:
    md5: 23fdf1fef05baeb7eadc2aed5fb0011f
    sha256: 5e88f658e07a30ab41b154b42c59f079b168acfa9551a75bdc972099453f4105
  category: main
  optional: false
- name: libgfortran-ng
  version: 13.2.0
  manager: conda
  platform: linux-64
  dependencies:
    libgfortran5: 13.2.0
  url: https://conda.anaconda.org/conda-forge/linux-64/libgfortran-ng-13.2.0-h69a702a_3.conda
  hash:
    md5: 73031c79546ad06f1fe62e57fdd021bc
    sha256: 5b918950b84605b6865de438757f507b1eff73c96fd562f7022c80028b088c14
  category: main
  optional: false
- name: libgfortran5
  version: 13.2.0
  manager: conda
  platform: linux-64
  dependencies:
    libgcc-ng: '>=13.2.0'
  url: https://conda.anaconda.org/conda-forge/linux-64/libgfortran5-13.2.0-ha4646dd_3.conda
  hash:
    md5: c714d905cdfa0e70200f68b80cc04764
    sha256: 0084a1d29a4f8ee3b8edad80eb6c42e5f0480f054f28cf713fb314bebb347a50
  category: main
  optional: false
- name: libglib
  version: 2.78.3
  manager: conda
  platform: linux-64
  dependencies:
    gettext: '>=0.21.1,<1.0a0'
    libffi: '>=3.4,<4.0a0'
    libgcc-ng: '>=12'
    libiconv: '>=1.17,<2.0a0'
    libstdcxx-ng: '>=12'
    libzlib: '>=1.2.13,<1.3.0a0'
    pcre2: '>=10.42,<10.43.0a0'
  url: https://conda.anaconda.org/conda-forge/linux-64/libglib-2.78.3-h783c2da_0.conda
  hash:
    md5: 9bd06b12bbfa6fd1740fd23af4b0f0c7
    sha256: b1b594294a0fe4c9a51596ef027efed9268d60827e8ae61fb7545c521a631e33
  category: main
  optional: false
- name: libgomp
  version: 13.2.0
  manager: conda
  platform: linux-64
  dependencies:
    _libgcc_mutex: '0.1'
  url: https://conda.anaconda.org/conda-forge/linux-64/libgomp-13.2.0-h807b86a_3.conda
  hash:
    md5: 7124cbb46b13d395bdde68f2d215c989
    sha256: 6ebedee39b6bbbc969715d0d7fa4b381cce67e1139862604ffa393f821c08e81
  category: main
  optional: false
- name: libiconv
  version: '1.17'
  manager: conda
  platform: linux-64
  dependencies:
    libgcc-ng: '>=12'
  url: https://conda.anaconda.org/conda-forge/linux-64/libiconv-1.17-hd590300_1.conda
  hash:
    md5: 4b06b43d0eca61db2899e4d7a289c302
    sha256: a9364735ef2542558ed59aa5f404707dab674df465cbdf312edeaf5e827b55ed
  category: main
  optional: false
- name: liblapack
  version: 3.9.0
  manager: conda
  platform: linux-64
  dependencies:
    libblas: 3.9.0
  url: https://conda.anaconda.org/conda-forge/linux-64/liblapack-3.9.0-20_linux64_openblas.conda
  hash:
    md5: 6fabc51f5e647d09cc010c40061557e0
    sha256: ad7745b8d0f2ccb9c3ba7aaa7167d62fc9f02e45eb67172ae5f0dfb5a3b1a2cc
  category: main
  optional: false
- name: libnghttp2
  version: 1.41.0
  manager: conda
  platform: linux-64
  dependencies:
    c-ares: '>=1.7.5'
    libev: '>=4.11'
    libgcc-ng: '>=7.5.0'
    libstdcxx-ng: ''
    openssl: '>=1.1.1g,<1.1.2a'
    zlib: '>=1.2.11,<1.3.0a0'
  url: https://conda.anaconda.org/conda-forge/linux-64/libnghttp2-1.41.0-hab1572f_1.tar.bz2
  hash:
    md5: 58bc2ebb4845592a123d67691c2de607
    sha256: 3929d6bc06df58d0624da6f09aaaef41153d0f5c5dd60391fb7918bb2ad614ab
  category: main
  optional: false
- name: libnsl
  version: 2.0.1
  manager: conda
  platform: linux-64
  dependencies:
    libgcc-ng: '>=12'
  url: https://conda.anaconda.org/conda-forge/linux-64/libnsl-2.0.1-hd590300_0.conda
  hash:
    md5: 30fd6e37fe21f86f4bd26d6ee73eeec7
    sha256: 26d77a3bb4dceeedc2a41bd688564fe71bf2d149fdcf117049970bc02ff1add6
  category: main
  optional: false
- name: libopenblas
  version: 0.3.25
  manager: conda
  platform: linux-64
  dependencies:
    libgcc-ng: '>=12'
    libgfortran-ng: ''
    libgfortran5: '>=12.3.0'
  url: https://conda.anaconda.org/conda-forge/linux-64/libopenblas-0.3.25-pthreads_h413a1c8_0.conda
  hash:
    md5: d172b34a443b95f86089e8229ddc9a17
    sha256: 628564517895ee1b09cf72c817548bd80ef1acce6a8214a8520d9f7b44c4cfaf
  category: main
  optional: false
- name: libpng
  version: 1.6.39
  manager: conda
  platform: linux-64
  dependencies:
    libgcc-ng: '>=12'
    libzlib: '>=1.2.13,<1.3.0a0'
  url: https://conda.anaconda.org/conda-forge/linux-64/libpng-1.6.39-h753d276_0.conda
  hash:
    md5: e1c890aebdebbfbf87e2c917187b4416
    sha256: a32b36d34e4f2490b99bddbc77d01a674d304f667f0e62c89e02c961addef462
  category: main
  optional: false
- name: libsqlite
  version: 3.44.2
  manager: conda
  platform: linux-64
  dependencies:
    libgcc-ng: '>=12'
    libzlib: '>=1.2.13,<1.3.0a0'
  url: https://conda.anaconda.org/conda-forge/linux-64/libsqlite-3.44.2-h2797004_0.conda
  hash:
    md5: 3b6a9f225c3dbe0d24f4fedd4625c5bf
    sha256: ee2c4d724a3ed60d5b458864d66122fb84c6ce1df62f735f90d8db17b66cd88a
  category: main
  optional: false
- name: libssh2
  version: 1.10.0
  manager: conda
  platform: linux-64
  dependencies:
    libgcc-ng: '>=12'
    libzlib: '>=1.2.12,<1.3.0a0'
    openssl: '>=1.1.1q,<1.1.2a'
  url: https://conda.anaconda.org/conda-forge/linux-64/libssh2-1.10.0-haa6b8db_3.tar.bz2
  hash:
    md5: 89acee135f0809a18a1f4537390aa2dd
    sha256: 3c2ed83502bedf4ec8c5b972accb6ff1b6c018f72fb711cdb65cb8540d5ab89e
  category: main
  optional: false
- name: libstdcxx-ng
  version: 13.2.0
  manager: conda
  platform: linux-64
  dependencies: {}
  url: https://conda.anaconda.org/conda-forge/linux-64/libstdcxx-ng-13.2.0-h7e041cc_3.conda
  hash:
    md5: 937eaed008f6bf2191c5fe76f87755e9
    sha256: 6c6c49efedcc5709a66f19fb6b26b69c6a5245310fd1d9a901fd5e38aaf7f882
  category: main
  optional: false
- name: libtiff
  version: 4.2.0
  manager: conda
  platform: linux-64
  dependencies:
    jpeg: '>=9d,<10a'
    libgcc-ng: '>=9.3.0'
    libstdcxx-ng: '>=9.3.0'
    libwebp-base: ''
    xz: '>=5.2.5,<6.0.0a0'
    zlib: '>=1.2.11,<1.3.0a0'
    zstd: '>=1.5.0,<1.6.0a0'
  url: https://conda.anaconda.org/conda-forge/linux-64/libtiff-4.2.0-hf544144_3.tar.bz2
  hash:
    md5: 53798351da909e181243e17dccee41ad
    sha256: 9cd90c25aed1059eb6cc3682b5d0484b15fba724e26161d1d26f6769a3ad0bf7
  category: main
  optional: false
- name: libuuid
  version: 2.38.1
  manager: conda
  platform: linux-64
  dependencies:
    libgcc-ng: '>=12'
  url: https://conda.anaconda.org/conda-forge/linux-64/libuuid-2.38.1-h0b41bf4_0.conda
  hash:
    md5: 40b61aab5c7ba9ff276c41cfffe6b80b
    sha256: 787eb542f055a2b3de553614b25f09eefb0a0931b0c87dbcce6efdfd92f04f18
  category: main
  optional: false
- name: libwebp-base
  version: 1.3.2
  manager: conda
  platform: linux-64
  dependencies:
    libgcc-ng: '>=12'
  url: https://conda.anaconda.org/conda-forge/linux-64/libwebp-base-1.3.2-hd590300_0.conda
  hash:
    md5: 30de3fd9b3b602f7473f30e684eeea8c
    sha256: 68764a760fa81ef35dacb067fe8ace452bbb41476536a4a147a1051df29525f0
  category: main
  optional: false
- name: libxcb
  version: '1.15'
  manager: conda
  platform: linux-64
  dependencies:
    libgcc-ng: '>=12'
    pthread-stubs: ''
    xorg-libxau: ''
    xorg-libxdmcp: ''
  url: https://conda.anaconda.org/conda-forge/linux-64/libxcb-1.15-h0b41bf4_0.conda
  hash:
    md5: 33277193f5b92bad9fdd230eb700929c
    sha256: a670902f0a3173a466c058d2ac22ca1dd0df0453d3a80e0212815c20a16b0485
  category: main
  optional: false
- name: libxgboost
  version: 1.7.6
  manager: conda
  platform: linux-64
  dependencies:
    __cuda: ''
    _openmp_mutex: '>=4.5'
    cuda-version: '>=11.8,<12'
    libgcc-ng: '>=12'
    libstdcxx-ng: '>=12'
    nccl: '>=2.19.3.1,<3.0a0'
  url: https://conda.anaconda.org/conda-forge/linux-64/libxgboost-1.7.6-cuda118_hd3b444d_6.conda
  hash:
    md5: 78509401d0879ef5aac72b8d1e104493
    sha256: 40ef2adba1c9b89d3013769d3715f2237f105a1ddc23c98a0419b282ce6ef912
  category: main
  optional: false
- name: libzlib
  version: 1.2.13
  manager: conda
  platform: linux-64
  dependencies:
    libgcc-ng: '>=12'
  url: https://conda.anaconda.org/conda-forge/linux-64/libzlib-1.2.13-hd590300_5.conda
  hash:
    md5: f36c115f1ee199da648e0597ec2047ad
    sha256: 370c7c5893b737596fd6ca0d9190c9715d89d888b8c88537ae1ef168c25e82e4
  category: main
  optional: false
- name: markupsafe
  version: 2.1.3
  manager: conda
  platform: linux-64
  dependencies:
    libgcc-ng: '>=12'
    python: '>=3.9,<3.10.0a0'
    python_abi: 3.9.*
  url: https://conda.anaconda.org/conda-forge/linux-64/markupsafe-2.1.3-py39hd1e30aa_1.conda
  hash:
    md5: ee2b4665b852ec6ff2758f3c1b91233d
    sha256: 0fb7a5340855c0b3c7c9259eb57ff00abedf36530ba1daae3434016301b0fa36
  category: main
  optional: false
- name: nccl
  version: 2.19.4.1
  manager: conda
  platform: linux-64
  dependencies:
    cuda-version: '>=11.8,<12.0a0'
    libgcc-ng: '>=12'
    libstdcxx-ng: '>=12'
  url: https://conda.anaconda.org/conda-forge/linux-64/nccl-2.19.4.1-h6103f9b_0.conda
  hash:
    md5: 2946f0e841f1f0be90c90bc67877d417
    sha256: bb8ae7c3004065f44798aaf75f5b25e5b6262437c6581d0814f60c0960e62359
  category: main
  optional: false
- name: ncurses
  version: '6.4'
  manager: conda
  platform: linux-64
  dependencies:
    libgcc-ng: '>=12'
  url: https://conda.anaconda.org/conda-forge/linux-64/ncurses-6.4-h59595ed_2.conda
  hash:
    md5: 7dbaa197d7ba6032caf7ae7f32c1efa0
    sha256: 91cc03f14caf96243cead96c76fe91ab5925a695d892e83285461fb927dece5e
  category: main
  optional: false
- name: networkx
  version: '3.1'
  manager: conda
  platform: linux-64
  dependencies:
    python: '>=3.8'
  url: https://conda.anaconda.org/conda-forge/noarch/networkx-3.1-pyhd8ed1ab_0.conda
  hash:
    md5: 254f787d5068bc89f578bf63893ce8b4
    sha256: 6b955c8530985fa727ad3323653a54af44ecf453cfdb1b549b3edff609bd3728
  category: main
  optional: false
- name: nextflow
  version: 23.10.0
  manager: conda
  platform: linux-64
  dependencies:
    coreutils: ''
    curl: ''
    openjdk: '>=11,<=21'
  url: https://conda.anaconda.org/bioconda/noarch/nextflow-23.10.0-hdfd78af_0.tar.bz2
  hash:
    md5: da8586f80f6937d60162cd225adb4a1f
    sha256: ca84e46f278ff26475353228827b464e3cd8cbfaf1dfcc1aa096c864131f64a5
  category: main
  optional: false
- name: numpy
  version: 1.24.3
  manager: conda
  platform: linux-64
  dependencies:
    libblas: '>=3.9.0,<4.0a0'
    libcblas: '>=3.9.0,<4.0a0'
    libgcc-ng: '>=12'
    liblapack: '>=3.9.0,<4.0a0'
    libstdcxx-ng: '>=12'
    python: '>=3.9,<3.10.0a0'
    python_abi: 3.9.*
  url: https://conda.anaconda.org/conda-forge/linux-64/numpy-1.24.3-py39h6183b62_0.conda
  hash:
    md5: 8626d6d5169950ce4b99b082667773f7
    sha256: c8fac78b5292c279449e4ccba03661dd75f9d39b0f5d40b8bf55c3fcd89f64ce
  category: main
  optional: false
- name: openjdk
  version: 11.0.9.1
  manager: conda
  platform: linux-64
  dependencies:
    alsa-lib: '>=1.2.3,<1.2.4.0a0'
    fontconfig: '>=2.13.1,<3.0a0'
    freetype: '>=2.10.4,<3.0a0'
    giflib: '>=5.2.1,<5.3.0a0'
    harfbuzz: '>=2.8.0,<3.0a0'
    jpeg: '>=9d,<10a'
    lcms2: '>=2.12,<3.0a0'
    libgcc-ng: '>=9.3.0'
    libpng: '>=1.6.37,<1.7.0a0'
    libstdcxx-ng: '>=9.3.0'
    xorg-libx11: ''
    xorg-libxext: ''
    xorg-libxi: ''
    xorg-libxrender: ''
    xorg-libxtst: ''
    zlib: '>=1.2.11,<1.3.0a0'
  url: https://conda.anaconda.org/conda-forge/linux-64/openjdk-11.0.9.1-h5cc2fde_1.tar.bz2
  hash:
    md5: 173813c547d6b3652fbf1db24cdc0c1b
    sha256: 979700150a39a84beec49db3f3930961ac742de7d0adebe130bec307d6a47eb3
  category: main
  optional: false
- name: openssl
  version: 1.1.1w
  manager: conda
  platform: linux-64
  dependencies:
    ca-certificates: ''
    libgcc-ng: '>=12'
  url: https://conda.anaconda.org/conda-forge/linux-64/openssl-1.1.1w-hd590300_0.conda
  hash:
    md5: 301e70057a3bd399640bb16bbdf87995
    sha256: 4fe19885c77f0758084feb54954bd1977dfeeab7134fba0a1d9c0cfff821d6bd
  category: main
  optional: false
- name: pandas
  version: 2.0.2
  manager: conda
  platform: linux-64
  dependencies:
    libgcc-ng: '>=12'
    libstdcxx-ng: '>=12'
    numpy: '>=1.21.6,<2.0a0'
    python: '>=3.9,<3.10.0a0'
    python-dateutil: '>=2.8.1'
    python-tzdata: '>=2022a'
    python_abi: 3.9.*
    pytz: '>=2020.1'
  url: https://conda.anaconda.org/conda-forge/linux-64/pandas-2.0.2-py39h40cae4c_0.conda
  hash:
    md5: de99b3f807c0b295a7df94623df0fb4c
    sha256: 234e0474b55edc7159ddbdf03c99a9d9f53a0b32d9c505dc4be85698bab9bd6b
  category: main
  optional: false
- name: parallel
  version: '20170422'
  manager: conda
  platform: linux-64
  dependencies:
    perl: 5.22.0.*
  url: https://conda.anaconda.org/bioconda/linux-64/parallel-20170422-pl5.22.0_0.tar.bz2
  hash:
    md5: c21913ed6e1424cacdf35b5d68abed80
    sha256: 50a6e27193978a4df887d38deb3b074b9c315fbdb73f46edd1d4fe4eb501e71a
  category: main
  optional: false
- name: pcre2
  version: '10.42'
  manager: conda
  platform: linux-64
  dependencies:
    bzip2: '>=1.0.8,<2.0a0'
    libgcc-ng: '>=12'
    libzlib: '>=1.2.13,<1.3.0a0'
  url: https://conda.anaconda.org/conda-forge/linux-64/pcre2-10.42-hcad00b1_0.conda
  hash:
    md5: 679c8961826aa4b50653bce17ee52abe
    sha256: 3ca54ff0abcda964af7d4724d389ae20d931159ae1881cfe57ad4b0ab9e6a380
  category: main
  optional: false
- name: perl
  version: 5.22.0.1
  manager: conda
  platform: linux-64
  dependencies: {}
  url: https://conda.anaconda.org/conda-forge/linux-64/perl-5.22.0.1-0.tar.bz2
  hash:
    md5: c9c6e4d20445de65f67cdfa2ac76c77d
    sha256: 2accd76fbafa85d1fb2df9ce7d9105727bbebfe6cb6be8dfb1a47d5a77c2707a
  category: main
  optional: false
- name: pixman
  version: 0.42.2
  manager: conda
  platform: linux-64
  dependencies:
    libgcc-ng: '>=12'
    libstdcxx-ng: '>=12'
  url: https://conda.anaconda.org/conda-forge/linux-64/pixman-0.42.2-h59595ed_0.conda
  hash:
    md5: 700edd63ccd5fc66b70b1c028cea9a68
    sha256: ae917851474eb3b08812b02c9e945d040808523ec53f828aa74a90b0cdf15f57
  category: main
  optional: false
- name: pkgutil-resolve-name
  version: 1.3.10
  manager: conda
  platform: linux-64
  dependencies:
    python: '>=3.6'
  url: https://conda.anaconda.org/conda-forge/noarch/pkgutil-resolve-name-1.3.10-pyhd8ed1ab_1.conda
  hash:
    md5: 405678b942f2481cecdb3e010f4925d9
    sha256: fecf95377134b0e8944762d92ecf7b0149c07d8186fb5db583125a2705c7ea0a
  category: main
  optional: false
- name: pthread-stubs
  version: '0.4'
  manager: conda
  platform: linux-64
  dependencies:
    libgcc-ng: '>=7.5.0'
  url: https://conda.anaconda.org/conda-forge/linux-64/pthread-stubs-0.4-h36c2ea0_1001.tar.bz2
  hash:
    md5: 22dad4df6e8630e8dff2428f6f6a7036
    sha256: 67c84822f87b641d89df09758da498b2d4558d47b920fd1d3fe6d3a871e000ff
  category: main
  optional: false
- name: py-xgboost
  version: 1.7.6
  manager: conda
  platform: linux-64
  dependencies:
    __cuda: ''
    _py-xgboost-mutex: '2.0'
    libxgboost: 1.7.6
    numpy: ''
    python: '>=3.9,<3.10.0a0'
    python_abi: 3.9.*
    scikit-learn: ''
    scipy: ''
  url: https://conda.anaconda.org/conda-forge/linux-64/py-xgboost-1.7.6-cuda118_py39h40095f8_6.conda
  hash:
    md5: 7507728c5e6c5ef193f347c8ddab2772
    sha256: 9093c11ac784d4849a588bf691a7d89d7fc843f898db81a1b5fc8889ebbfd7e5
  category: main
  optional: false
- name: python
  version: 3.9.15
  manager: conda
  platform: linux-64
  dependencies:
    bzip2: '>=1.0.8,<2.0a0'
    ld_impl_linux-64: '>=2.36.1'
    libffi: '>=3.4,<4.0a0'
    libgcc-ng: '>=12'
    libnsl: '>=2.0.0,<2.1.0a0'
    libsqlite: '>=3.40.0,<4.0a0'
    libuuid: '>=2.32.1,<3.0a0'
    libzlib: '>=1.2.13,<1.3.0a0'
    ncurses: '>=6.3,<7.0a0'
    openssl: '>=1.1.1s,<1.1.2a'
    readline: '>=8.1.2,<9.0a0'
    tk: '>=8.6.12,<8.7.0a0'
    tzdata: ''
    xz: '>=5.2.6,<6.0a0'
  url: https://conda.anaconda.org/conda-forge/linux-64/python-3.9.15-h47a2c10_0_cpython.conda
  hash:
    md5: 4c15ad54369ad2fa36a0d56c6675e241
    sha256: 27beb6c869938a1dba7c3526217c7b961826d553a1dbc843a7ba441dc5708a97
  category: main
  optional: false
- name: python-dateutil
  version: 2.8.2
  manager: conda
  platform: linux-64
  dependencies:
    python: '>=3.6'
    six: '>=1.5'
  url: https://conda.anaconda.org/conda-forge/noarch/python-dateutil-2.8.2-pyhd8ed1ab_0.tar.bz2
  hash:
    md5: dd999d1cc9f79e67dbb855c8924c7984
    sha256: 54d7785c7678166aa45adeaccfc1d2b8c3c799ca2dc05d4a82bb39b1968bd7da
  category: main
  optional: false
- name: python-tzdata
  version: '2023.3'
  manager: conda
  platform: linux-64
  dependencies:
    python: '>=3.6'
  url: https://conda.anaconda.org/conda-forge/noarch/python-tzdata-2023.3-pyhd8ed1ab_0.conda
  hash:
    md5: 2590495f608a63625e165915fb4e2e34
    sha256: 0108888507014fb24573c31e4deceb61c99e63d37776dddcadd7c89b2ecae0b6
  category: main
  optional: false
- name: python_abi
  version: '3.9'
  manager: conda
  platform: linux-64
  dependencies: {}
  url: https://conda.anaconda.org/conda-forge/linux-64/python_abi-3.9-4_cp39.conda
  hash:
    md5: bfe4b3259a8ac6cdf0037752904da6a7
    sha256: 7e0157e35929711e1a986c18a8bfb7a38a2209cfada16b541ebb0481f74376d6
  category: main
  optional: false
- name: pytz
  version: 2023.3.post1
  manager: conda
  platform: linux-64
  dependencies:
    python: '>=3.6'
  url: https://conda.anaconda.org/conda-forge/noarch/pytz-2023.3.post1-pyhd8ed1ab_0.conda
  hash:
    md5: c93346b446cd08c169d843ae5fc0da97
    sha256: 6b680e63d69aaf087cd43ca765a23838723ef59b0a328799e6363eb13f52c49e
  category: main
  optional: false
- name: readline
  version: '8.2'
  manager: conda
  platform: linux-64
  dependencies:
    libgcc-ng: '>=12'
    ncurses: '>=6.3,<7.0a0'
  url: https://conda.anaconda.org/conda-forge/linux-64/readline-8.2-h8228510_1.conda
  hash:
    md5: 47d31b792659ce70f470b5c82fdfb7a4
    sha256: 5435cf39d039387fbdc977b0a762357ea909a7694d9528ab40f005e9208744d7
  category: main
  optional: false
- name: referencing
  version: 0.32.0
  manager: conda
  platform: linux-64
  dependencies:
    attrs: '>=22.2.0'
    python: '>=3.8'
    rpds-py: '>=0.7.0'
  url: https://conda.anaconda.org/conda-forge/noarch/referencing-0.32.0-pyhd8ed1ab_0.conda
  hash:
    md5: a7b5a535cd614e384594530aee7e6061
    sha256: dfd40282910a45e58882ed94b502b2a09f475efb04eaaa3bd8b3b5a9b21a19c3
  category: main
  optional: false
- name: rpds-py
  version: 0.13.2
  manager: conda
  platform: linux-64
  dependencies:
    libgcc-ng: '>=12'
    python: '>=3.9,<3.10.0a0'
    python_abi: 3.9.*
  url: https://conda.anaconda.org/conda-forge/linux-64/rpds-py-0.13.2-py39h9fdd4d6_0.conda
  hash:
    md5: 75f11bc5ee4f3cf1d12bc17066b6a367
    sha256: f7e4dc74a7c8928edd8bf63316f09443943faf723487310c0f4ab76a5c62a5e6
  category: main
  optional: false
- name: scikit-learn
  version: 1.2.2
  manager: conda
  platform: linux-64
  dependencies:
    _openmp_mutex: '>=4.5'
    joblib: '>=1.1.1'
    libgcc-ng: '>=12'
    libstdcxx-ng: '>=12'
    numpy: '>=1.21.6,<2.0a0'
    python: '>=3.9,<3.10.0a0'
    python_abi: 3.9.*
    scipy: ''
    threadpoolctl: '>=2.0.0'
  url: https://conda.anaconda.org/conda-forge/linux-64/scikit-learn-1.2.2-py39hc236052_2.conda
  hash:
    md5: 43894d2ed4e587557e536d3e4ef93f73
    sha256: 857fcc0505405dcbaedeea8e655383f54126102a919f9a32d55cd77582ce15cb
  category: main
  optional: false
- name: scipy
  version: 1.11.4
  manager: conda
  platform: linux-64
  dependencies:
    libblas: '>=3.9.0,<4.0a0'
    libcblas: '>=3.9.0,<4.0a0'
    libgcc-ng: '>=12'
    libgfortran-ng: ''
    libgfortran5: '>=12.3.0'
    liblapack: '>=3.9.0,<4.0a0'
    libstdcxx-ng: '>=12'
    numpy: '>=1.22.4,<2.0a0'
    python: '>=3.9,<3.10.0a0'
    python_abi: 3.9.*
  url: https://conda.anaconda.org/conda-forge/linux-64/scipy-1.11.4-py39h474f0d3_0.conda
  hash:
    md5: 4b401c1516417b4b14aa1249d2f7929d
    sha256: c3f0c06d2285b249a26a050e0464957eeb7e6b1fac93e3acd4218123fd1047db
  category: main
  optional: false
- name: setuptools
  version: 68.2.2
  manager: conda
  platform: linux-64
  dependencies:
    python: '>=3.7'
  url: https://conda.anaconda.org/conda-forge/noarch/setuptools-68.2.2-pyhd8ed1ab_0.conda
  hash:
    md5: fc2166155db840c634a1291a5c35a709
    sha256: 851901b1f8f2049edb36a675f0c3f9a98e1495ef4eb214761b048c6f696a06f7
  category: main
  optional: false
- name: six
  version: 1.16.0
  manager: conda
  platform: linux-64
  dependencies:
    python: ''
  url: https://conda.anaconda.org/conda-forge/noarch/six-1.16.0-pyh6c4a22f_0.tar.bz2
  hash:
    md5: e5f25f8dbc060e9a8d912e432202afc2
    sha256: a85c38227b446f42c5b90d9b642f2c0567880c15d72492d8da074a59c8f91dd6
  category: main
  optional: false
- name: threadpoolctl
  version: 3.2.0
  manager: conda
  platform: linux-64
  dependencies:
    python: '>=3.8'
  url: https://conda.anaconda.org/conda-forge/noarch/threadpoolctl-3.2.0-pyha21a80b_0.conda
  hash:
    md5: 978d03388b62173b8e6f79162cf52b86
    sha256: 15e2f916fbfe3cc480160aa99eb6ba3edc183fceb234f10151d63870fdc4eccd
  category: main
  optional: false
- name: tk
  version: 8.6.13
  manager: conda
  platform: linux-64
  dependencies:
    libgcc-ng: '>=12'
    libzlib: '>=1.2.13,<1.3.0a0'
  url: https://conda.anaconda.org/conda-forge/linux-64/tk-8.6.13-noxft_h4845f30_101.conda
  hash:
    md5: d453b98d9c83e71da0741bb0ff4d76bc
    sha256: e0569c9caa68bf476bead1bed3d79650bb080b532c64a4af7d8ca286c08dea4e
  category: main
  optional: false
- name: twobitreader
  version: 3.1.7
  manager: conda
  platform: linux-64
  dependencies:
    python: ''
  url: https://conda.anaconda.org/bioconda/noarch/twobitreader-3.1.7-pyh864c0ab_1.tar.bz2
  hash:
    md5: 5ec5a0c9b2b017d0fa99060d6b97639d
    sha256: 681ac0e879938e182349c1b1c8969c493981ebe0442f49c311b5782c2ee777fc
  category: main
  optional: false
- name: tzdata
  version: 2023c
  manager: conda
  platform: linux-64
  dependencies: {}
  url: https://conda.anaconda.org/conda-forge/noarch/tzdata-2023c-h71feb2d_0.conda
  hash:
    md5: 939e3e74d8be4dac89ce83b20de2492a
    sha256: 0449138224adfa125b220154408419ec37c06b0b49f63c5954724325903ecf55
  category: main
  optional: false
- name: xorg-fixesproto
  version: '5.0'
  manager: conda
  platform: linux-64
  dependencies:
    libgcc-ng: '>=9.3.0'
    xorg-xextproto: ''
  url: https://conda.anaconda.org/conda-forge/linux-64/xorg-fixesproto-5.0-h7f98852_1002.tar.bz2
  hash:
    md5: 65ad6e1eb4aed2b0611855aff05e04f6
    sha256: 5d2af1b40f82128221bace9466565eca87c97726bb80bbfcd03871813f3e1876
  category: main
  optional: false
- name: xorg-inputproto
  version: 2.3.2
  manager: conda
  platform: linux-64
  dependencies:
    libgcc-ng: '>=9.3.0'
  url: https://conda.anaconda.org/conda-forge/linux-64/xorg-inputproto-2.3.2-h7f98852_1002.tar.bz2
  hash:
    md5: bcd1b3396ec6960cbc1d2855a9e60b2b
    sha256: 6c8c2803de0f643f8bad16ece3f9a7259e4a49247543239c182d66d5e3a129a7
  category: main
  optional: false
- name: xorg-kbproto
  version: 1.0.7
  manager: conda
  platform: linux-64
  dependencies:
    libgcc-ng: '>=9.3.0'
  url: https://conda.anaconda.org/conda-forge/linux-64/xorg-kbproto-1.0.7-h7f98852_1002.tar.bz2
  hash:
    md5: 4b230e8381279d76131116660f5a241a
    sha256: e90b0a6a5d41776f11add74aa030f789faf4efd3875c31964d6f9cfa63a10dd1
  category: main
  optional: false
- name: xorg-libice
  version: 1.1.1
  manager: conda
  platform: linux-64
  dependencies:
    libgcc-ng: '>=12'
  url: https://conda.anaconda.org/conda-forge/linux-64/xorg-libice-1.1.1-hd590300_0.conda
  hash:
    md5: b462a33c0be1421532f28bfe8f4a7514
    sha256: 5aa9b3682285bb2bf1a8adc064cb63aff76ef9178769740d855abb42b0d24236
  category: main
  optional: false
- name: xorg-libsm
  version: 1.2.4
  manager: conda
  platform: linux-64
  dependencies:
    libgcc-ng: '>=12'
    libuuid: '>=2.38.1,<3.0a0'
    xorg-libice: '>=1.1.1,<2.0a0'
  url: https://conda.anaconda.org/conda-forge/linux-64/xorg-libsm-1.2.4-h7391055_0.conda
  hash:
    md5: 93ee23f12bc2e684548181256edd2cf6
    sha256: 089ad5f0453c604e18985480218a84b27009e9e6de9a0fa5f4a20b8778ede1f1
  category: main
  optional: false
- name: xorg-libx11
  version: 1.8.7
  manager: conda
  platform: linux-64
  dependencies:
    libgcc-ng: '>=12'
    libxcb: '>=1.15,<1.16.0a0'
    xorg-kbproto: ''
    xorg-xextproto: '>=7.3.0,<8.0a0'
    xorg-xproto: ''
  url: https://conda.anaconda.org/conda-forge/linux-64/xorg-libx11-1.8.7-h8ee46fc_0.conda
  hash:
    md5: 49e482d882669206653b095f5206c05b
    sha256: 7a02a7beac472ae2759498550b5fc5261bf5be7a9a2b4648a3f67818a7bfefcf
  category: main
  optional: false
- name: xorg-libxau
  version: 1.0.11
  manager: conda
  platform: linux-64
  dependencies:
    libgcc-ng: '>=12'
  url: https://conda.anaconda.org/conda-forge/linux-64/xorg-libxau-1.0.11-hd590300_0.conda
  hash:
    md5: 2c80dc38fface310c9bd81b17037fee5
    sha256: 309751371d525ce50af7c87811b435c176915239fc9e132b99a25d5e1703f2d4
  category: main
  optional: false
- name: xorg-libxdmcp
  version: 1.1.3
  manager: conda
  platform: linux-64
  dependencies:
    libgcc-ng: '>=9.3.0'
  url: https://conda.anaconda.org/conda-forge/linux-64/xorg-libxdmcp-1.1.3-h7f98852_0.tar.bz2
  hash:
    md5: be93aabceefa2fac576e971aef407908
    sha256: 4df7c5ee11b8686d3453e7f3f4aa20ceef441262b49860733066c52cfd0e4a77
  category: main
  optional: false
- name: xorg-libxext
  version: 1.3.4
  manager: conda
  platform: linux-64
  dependencies:
    libgcc-ng: '>=12'
    xorg-libx11: '>=1.7.2,<2.0a0'
    xorg-xextproto: ''
  url: https://conda.anaconda.org/conda-forge/linux-64/xorg-libxext-1.3.4-h0b41bf4_2.conda
  hash:
    md5: 82b6df12252e6f32402b96dacc656fec
    sha256: 73e5cfbdff41ef8a844441f884412aa5a585a0f0632ec901da035a03e1fe1249
  category: main
  optional: false
- name: xorg-libxfixes
  version: 5.0.3
  manager: conda
  platform: linux-64
  dependencies:
    libgcc-ng: '>=9.3.0'
    xorg-fixesproto: ''
    xorg-libx11: '>=1.7.0,<2.0a0'
  url: https://conda.anaconda.org/conda-forge/linux-64/xorg-libxfixes-5.0.3-h7f98852_1004.tar.bz2
  hash:
    md5: e9a21aa4d5e3e5f1aed71e8cefd46b6a
    sha256: 1e426a1abb774ef1dcf741945ed5c42ad12ea2dc7aeed7682d293879c3e1e4c3
  category: main
  optional: false
- name: xorg-libxi
  version: 1.7.10
  manager: conda
  platform: linux-64
  dependencies:
    libgcc-ng: '>=9.3.0'
    xorg-inputproto: ''
    xorg-libx11: '>=1.7.0,<2.0a0'
    xorg-libxext: 1.3.*
    xorg-libxfixes: 5.0.*
  url: https://conda.anaconda.org/conda-forge/linux-64/xorg-libxi-1.7.10-h7f98852_0.tar.bz2
  hash:
    md5: e77615e5141cad5a2acaa043d1cf0ca5
    sha256: 745c1284a96b4282fe6fe122b2643e1e8c26a7ff40b733a8f4b61357238c4e68
  category: main
  optional: false
- name: xorg-libxrender
  version: 0.9.11
  manager: conda
  platform: linux-64
  dependencies:
    libgcc-ng: '>=12'
    xorg-libx11: '>=1.8.6,<2.0a0'
    xorg-renderproto: ''
  url: https://conda.anaconda.org/conda-forge/linux-64/xorg-libxrender-0.9.11-hd590300_0.conda
  hash:
    md5: ed67c36f215b310412b2af935bf3e530
    sha256: 26da4d1911473c965c32ce2b4ff7572349719eaacb88a066db8d968a4132c3f7
  category: main
  optional: false
- name: xorg-libxtst
  version: 1.2.3
  manager: conda
  platform: linux-64
  dependencies:
    libgcc-ng: '>=9.3.0'
    xorg-inputproto: ''
    xorg-libx11: '>=1.7.1,<2.0a0'
    xorg-libxext: 1.3.*
    xorg-libxi: 1.7.*
    xorg-recordproto: ''
  url: https://conda.anaconda.org/conda-forge/linux-64/xorg-libxtst-1.2.3-h7f98852_1002.tar.bz2
  hash:
    md5: a220b1a513e19d5cb56c1311d44f12e6
    sha256: 9a51ae2869b9a47735539dada9d85534418a765d1461c9f91fe7564f3ee75e87
  category: main
  optional: false
- name: xorg-recordproto
  version: 1.14.2
  manager: conda
  platform: linux-64
  dependencies:
    libgcc-ng: '>=9.3.0'
  url: https://conda.anaconda.org/conda-forge/linux-64/xorg-recordproto-1.14.2-h7f98852_1002.tar.bz2
  hash:
    md5: 2f835e6c386e73c6faaddfe9eda67e98
    sha256: 4b91d48fed368c83eafd03891ebfd5bae0a03adc087ebea8a680ae22da99a85f
  category: main
  optional: false
- name: xorg-renderproto
  version: 0.11.1
  manager: conda
  platform: linux-64
  dependencies:
    libgcc-ng: '>=9.3.0'
  url: https://conda.anaconda.org/conda-forge/linux-64/xorg-renderproto-0.11.1-h7f98852_1002.tar.bz2
  hash:
    md5: 06feff3d2634e3097ce2fe681474b534
    sha256: 38942930f233d1898594dd9edf4b0c0786f3dbc12065a0c308634c37fd936034
  category: main
  optional: false
- name: xorg-xextproto
  version: 7.3.0
  manager: conda
  platform: linux-64
  dependencies:
    libgcc-ng: '>=12'
  url: https://conda.anaconda.org/conda-forge/linux-64/xorg-xextproto-7.3.0-h0b41bf4_1003.conda
  hash:
    md5: bce9f945da8ad2ae9b1d7165a64d0f87
    sha256: b8dda3b560e8a7830fe23be1c58cc41f407b2e20ae2f3b6901eb5842ba62b743
  category: main
  optional: false
- name: xorg-xproto
  version: 7.0.31
  manager: conda
  platform: linux-64
  dependencies:
    libgcc-ng: '>=9.3.0'
  url: https://conda.anaconda.org/conda-forge/linux-64/xorg-xproto-7.0.31-h7f98852_1007.tar.bz2
  hash:
    md5: b4a4381d54784606820704f7b5f05a15
    sha256: f197bb742a17c78234c24605ad1fe2d88b1d25f332b75d73e5ba8cf8fbc2a10d
  category: main
  optional: false
- name: xz
  version: 5.2.6
  manager: conda
  platform: linux-64
  dependencies:
    libgcc-ng: '>=12'
  url: https://conda.anaconda.org/conda-forge/linux-64/xz-5.2.6-h166bdaf_0.tar.bz2
  hash:
    md5: 2161070d867d1b1204ea749c8eec4ef0
    sha256: 03a6d28ded42af8a347345f82f3eebdd6807a08526d47899a42d62d319609162
  category: main
  optional: false
- name: zipp
  version: 3.17.0
  manager: conda
  platform: linux-64
  dependencies:
    python: '>=3.8'
  url: https://conda.anaconda.org/conda-forge/noarch/zipp-3.17.0-pyhd8ed1ab_0.conda
  hash:
    md5: 2e4d6bc0b14e10f895fc6791a7d9b26a
    sha256: bced1423fdbf77bca0a735187d05d9b9812d2163f60ab426fc10f11f92ecbe26
  category: main
  optional: false
- name: zlib
  version: 1.2.13
  manager: conda
  platform: linux-64
  dependencies:
    libgcc-ng: '>=12'
    libzlib: 1.2.13
  url: https://conda.anaconda.org/conda-forge/linux-64/zlib-1.2.13-hd590300_5.conda
  hash:
    md5: 68c34ec6149623be41a1933ab996a209
    sha256: 9887a04d7e7cb14bd2b52fa01858f05a6d7f002c890f618d9fcd864adbfecb1b
  category: main
  optional: false
- name: zstd
  version: 1.5.5
  manager: conda
  platform: linux-64
  dependencies:
    libgcc-ng: '>=12'
    libstdcxx-ng: '>=12'
    libzlib: '>=1.2.13,<1.3.0a0'
  url: https://conda.anaconda.org/conda-forge/linux-64/zstd-1.5.5-hfc55251_0.conda
  hash:
    md5: 04b88013080254850d6c01ed54810589
    sha256: 607cbeb1a533be98ba96cf5cdf0ddbb101c78019f1fda063261871dad6248609
  category: main
  optional: false
